
Microsoft Visual Studio Solution File, Format Version 12.00
# Visual Studio Version 17
VisualStudioVersion = 17.5.33627.172
MinimumVisualStudioVersion = 10.0.40219.1
Project("{8BC9CEB8-8B4A-11D0-8D11-00A0C91BC942}") = "siaod1", "ru-mirea-siaod\ru-mirea-siaod.vcxproj", "{A9DBD0ED-A4EB-4FBF-9D23-E3E6BD8D758C}"
EndProject
Project("{8BC9CEB8-8B4A-11D0-8D11-00A0C91BC942}") = "siaod2", "siaod2\siaod2.vcxproj", "{08AAB385-C055-414A-A060-A7DCFCB71203}"
EndProject
Global
	GlobalSection(SolutionConfigurationPlatforms) = preSolution
		Debug|x64 = Debug|x64
		Debug|x86 = Debug|x86
		Release|x64 = Release|x64
		Release|x86 = Release|x86
	EndGlobalSection
	GlobalSection(ProjectConfigurationPlatforms) = postSolution
		{A9DBD0ED-A4EB-4FBF-9D23-E3E6BD8D758C}.Debug|x64.ActiveCfg = Debug|x64
		{A9DBD0ED-A4EB-4FBF-9D23-E3E6BD8D758C}.Debug|x64.Build.0 = Debug|x64
		{A9DBD0ED-A4EB-4FBF-9D23-E3E6BD8D758C}.Debug|x86.ActiveCfg = Debug|Win32
		{A9DBD0ED-A4EB-4FBF-9D23-E3E6BD8D758C}.Debug|x86.Build.0 = Debug|Win32
		{A9DBD0ED-A4EB-4FBF-9D23-E3E6BD8D758C}.Release|x64.ActiveCfg = Release|x64
		{A9DBD0ED-A4EB-4FBF-9D23-E3E6BD8D758C}.Release|x64.Build.0 = Release|x64
		{A9DBD0ED-A4EB-4FBF-9D23-E3E6BD8D758C}.Release|x86.ActiveCfg = Release|Win32
		{A9DBD0ED-A4EB-4FBF-9D23-E3E6BD8D758C}.Release|x86.Build.0 = Release|Win32
		{08AAB385-C055-414A-A060-A7DCFCB71203}.Debug|x64.ActiveCfg = Debug|x64
		{08AAB385-C055-414A-A060-A7DCFCB71203}.Debug|x64.Build.0 = Debug|x64
		{08AAB385-C055-414A-A060-A7DCFCB71203}.Debug|x86.ActiveCfg = Debug|Win32
		{08AAB385-C055-414A-A060-A7DCFCB71203}.Debug|x86.Build.0 = Debug|Win32
		{08AAB385-C055-414A-A060-A7DCFCB71203}.Release|x64.ActiveCfg = Release|x64
		{08AAB385-C055-414A-A060-A7DCFCB71203}.Release|x64.Build.0 = Release|x64
		{08AAB385-C055-414A-A060-A7DCFCB71203}.Release|x86.ActiveCfg = Release|Win32
		{08AAB385-C055-414A-A060-A7DCFCB71203}.Release|x86.Build.0 = Release|Win32
	EndGlobalSection
	GlobalSection(SolutionProperties) = preSolution
		HideSolutionNode = FALSE
	EndGlobalSection
	GlobalSection(ExtensibilityGlobals) = postSolution
		SolutionGuid = {1F40EC50-35DB-41A4-AE89-199ECD0E6D1B}
	EndGlobalSection
EndGlobal
